
Microsoft Visual Studio Solution File, Format Version 12.00
# Visual Studio Version 17
VisualStudioVersion = 17.4.33110.190
MinimumVisualStudioVersion = 10.0.40219.1
Project("{FAE04EC0-301F-11D3-BF4B-00C04F79EFBC}") = "FootBallMatchs", "FootBallMatchs\FootBallMatchs.csproj", "{AFE2FEE2-6C43-448F-A613-95D7802BF38A}"
EndProject
Global
	GlobalSection(SolutionConfigurationPlatforms) = preSolution
		Debug|Any CPU = Debug|Any CPU
		Release|Any CPU = Release|Any CPU
	EndGlobalSection
	GlobalSection(ProjectConfigurationPlatforms) = postSolution
		{AFE2FEE2-6C43-448F-A613-95D7802BF38A}.Debug|Any CPU.ActiveCfg = Debug|Any CPU
		{AFE2FEE2-6C43-448F-A613-95D7802BF38A}.Debug|Any CPU.Build.0 = Debug|Any CPU
		{AFE2FEE2-6C43-448F-A613-95D7802BF38A}.Release|Any CPU.ActiveCfg = Release|Any CPU
		{AFE2FEE2-6C43-448F-A613-95D7802BF38A}.Release|Any CPU.Build.0 = Release|Any CPU
	EndGlobalSection
	GlobalSection(SolutionProperties) = preSolution
		HideSolutionNode = FALSE
	EndGlobalSection
	GlobalSection(ExtensibilityGlobals) = postSolution
		SolutionGuid = {CD739381-7839-4646-8C50-2BA529ABC93E}
	EndGlobalSection
EndGlobal
